
Microsoft Visual Studio Solution File, Format Version 12.00
# Visual Studio 15
VisualStudioVersion = 15.0.26124.0
MinimumVisualStudioVersion = 15.0.26124.0
Project("{FAE04EC0-301F-11D3-BF4B-00C04F79EFBC}") = "MutantsCatalogue.Domain", "MutantsCatalogue.Domain\MutantsCatalogue.Domain.csproj", "{6709C18B-00AB-4941-BE4B-DD2E9D27A5FD}"
EndProject
Project("{FAE04EC0-301F-11D3-BF4B-00C04F79EFBC}") = "MutantsCatalogue.Tests", "MutantsCatalogue.Tests\MutantsCatalogue.Tests.csproj", "{F9ECF98A-03F7-4438-92D4-BAAD8C2467BB}"
EndProject
Global
	GlobalSection(SolutionConfigurationPlatforms) = preSolution
		Debug|Any CPU = Debug|Any CPU
		Debug|x64 = Debug|x64
		Debug|x86 = Debug|x86
		Release|Any CPU = Release|Any CPU
		Release|x64 = Release|x64
		Release|x86 = Release|x86
	EndGlobalSection
	GlobalSection(SolutionProperties) = preSolution
		HideSolutionNode = FALSE
	EndGlobalSection
	GlobalSection(ProjectConfigurationPlatforms) = postSolution
		{6709C18B-00AB-4941-BE4B-DD2E9D27A5FD}.Debug|Any CPU.ActiveCfg = Debug|Any CPU
		{6709C18B-00AB-4941-BE4B-DD2E9D27A5FD}.Debug|Any CPU.Build.0 = Debug|Any CPU
		{6709C18B-00AB-4941-BE4B-DD2E9D27A5FD}.Debug|x64.ActiveCfg = Debug|Any CPU
		{6709C18B-00AB-4941-BE4B-DD2E9D27A5FD}.Debug|x64.Build.0 = Debug|Any CPU
		{6709C18B-00AB-4941-BE4B-DD2E9D27A5FD}.Debug|x86.ActiveCfg = Debug|Any CPU
		{6709C18B-00AB-4941-BE4B-DD2E9D27A5FD}.Debug|x86.Build.0 = Debug|Any CPU
		{6709C18B-00AB-4941-BE4B-DD2E9D27A5FD}.Release|Any CPU.ActiveCfg = Release|Any CPU
		{6709C18B-00AB-4941-BE4B-DD2E9D27A5FD}.Release|Any CPU.Build.0 = Release|Any CPU
		{6709C18B-00AB-4941-BE4B-DD2E9D27A5FD}.Release|x64.ActiveCfg = Release|Any CPU
		{6709C18B-00AB-4941-BE4B-DD2E9D27A5FD}.Release|x64.Build.0 = Release|Any CPU
		{6709C18B-00AB-4941-BE4B-DD2E9D27A5FD}.Release|x86.ActiveCfg = Release|Any CPU
		{6709C18B-00AB-4941-BE4B-DD2E9D27A5FD}.Release|x86.Build.0 = Release|Any CPU
		{F9ECF98A-03F7-4438-92D4-BAAD8C2467BB}.Debug|Any CPU.ActiveCfg = Debug|Any CPU
		{F9ECF98A-03F7-4438-92D4-BAAD8C2467BB}.Debug|Any CPU.Build.0 = Debug|Any CPU
		{F9ECF98A-03F7-4438-92D4-BAAD8C2467BB}.Debug|x64.ActiveCfg = Debug|Any CPU
		{F9ECF98A-03F7-4438-92D4-BAAD8C2467BB}.Debug|x64.Build.0 = Debug|Any CPU
		{F9ECF98A-03F7-4438-92D4-BAAD8C2467BB}.Debug|x86.ActiveCfg = Debug|Any CPU
		{F9ECF98A-03F7-4438-92D4-BAAD8C2467BB}.Debug|x86.Build.0 = Debug|Any CPU
		{F9ECF98A-03F7-4438-92D4-BAAD8C2467BB}.Release|Any CPU.ActiveCfg = Release|Any CPU
		{F9ECF98A-03F7-4438-92D4-BAAD8C2467BB}.Release|Any CPU.Build.0 = Release|Any CPU
		{F9ECF98A-03F7-4438-92D4-BAAD8C2467BB}.Release|x64.ActiveCfg = Release|Any CPU
		{F9ECF98A-03F7-4438-92D4-BAAD8C2467BB}.Release|x64.Build.0 = Release|Any CPU
		{F9ECF98A-03F7-4438-92D4-BAAD8C2467BB}.Release|x86.ActiveCfg = Release|Any CPU
		{F9ECF98A-03F7-4438-92D4-BAAD8C2467BB}.Release|x86.Build.0 = Release|Any CPU
	EndGlobalSection
EndGlobal
