
Microsoft Visual Studio Solution File, Format Version 12.00
# Visual Studio 15
VisualStudioVersion = 15.0.26430.13
MinimumVisualStudioVersion = 10.0.40219.1
Project("{FAE04EC0-301F-11D3-BF4B-00C04F79EFBC}") = "SpeachFollower", "SpeachFollower\SpeachFollower\SpeachFollower.csproj", "{29D9642D-324A-4BB6-A8B2-8B0A1E1AF66B}"
EndProject
Project("{FAE04EC0-301F-11D3-BF4B-00C04F79EFBC}") = "SpeachFollower.Vsix", "SpeachFollower\SpeachFollower.Vsix\SpeachFollower.Vsix.csproj", "{C6351D9E-578D-4A63-AFDC-AA1F994E3C9A}"
EndProject
Global
	GlobalSection(SolutionConfigurationPlatforms) = preSolution
		Debug|Any CPU = Debug|Any CPU
		Release|Any CPU = Release|Any CPU
	EndGlobalSection
	GlobalSection(ProjectConfigurationPlatforms) = postSolution
		{29D9642D-324A-4BB6-A8B2-8B0A1E1AF66B}.Debug|Any CPU.ActiveCfg = Debug|Any CPU
		{29D9642D-324A-4BB6-A8B2-8B0A1E1AF66B}.Debug|Any CPU.Build.0 = Debug|Any CPU
		{29D9642D-324A-4BB6-A8B2-8B0A1E1AF66B}.Release|Any CPU.ActiveCfg = Release|Any CPU
		{29D9642D-324A-4BB6-A8B2-8B0A1E1AF66B}.Release|Any CPU.Build.0 = Release|Any CPU
		{C6351D9E-578D-4A63-AFDC-AA1F994E3C9A}.Debug|Any CPU.ActiveCfg = Debug|Any CPU
		{C6351D9E-578D-4A63-AFDC-AA1F994E3C9A}.Debug|Any CPU.Build.0 = Debug|Any CPU
		{C6351D9E-578D-4A63-AFDC-AA1F994E3C9A}.Release|Any CPU.ActiveCfg = Release|Any CPU
		{C6351D9E-578D-4A63-AFDC-AA1F994E3C9A}.Release|Any CPU.Build.0 = Release|Any CPU
	EndGlobalSection
	GlobalSection(SolutionProperties) = preSolution
		HideSolutionNode = FALSE
	EndGlobalSection
EndGlobal
