
Microsoft Visual Studio Solution File, Format Version 12.00
# Visual Studio 15
VisualStudioVersion = 15.0.28307.421
MinimumVisualStudioVersion = 10.0.40219.1
Project("{9A19103F-16F7-4668-BE54-9A1E7A4F7556}") = "WebApplication", "WebApplication\WebApplication.csproj", "{DDFF525D-0F29-43FB-B9B6-F6750CD7D42E}"
EndProject
Project("{9A19103F-16F7-4668-BE54-9A1E7A4F7556}") = "InternalProject", "InternalProject\InternalProject.csproj", "{5204EB8B-B127-40FE-B4D7-64C606198A0E}"
EndProject
Project("{E53339B2-1760-4266-BCC7-CA923CBCF16C}") = "docker-compose", "docker-compose.dcproj", "{C4C1BDE9-E611-47AC-A05A-211D5DC21AA9}"
EndProject
Global
	GlobalSection(SolutionConfigurationPlatforms) = preSolution
		Debug|Any CPU = Debug|Any CPU
		Release|Any CPU = Release|Any CPU
	EndGlobalSection
	GlobalSection(ProjectConfigurationPlatforms) = postSolution
		{DDFF525D-0F29-43FB-B9B6-F6750CD7D42E}.Debug|Any CPU.ActiveCfg = Debug|Any CPU
		{DDFF525D-0F29-43FB-B9B6-F6750CD7D42E}.Debug|Any CPU.Build.0 = Debug|Any CPU
		{DDFF525D-0F29-43FB-B9B6-F6750CD7D42E}.Release|Any CPU.ActiveCfg = Release|Any CPU
		{DDFF525D-0F29-43FB-B9B6-F6750CD7D42E}.Release|Any CPU.Build.0 = Release|Any CPU
		{5204EB8B-B127-40FE-B4D7-64C606198A0E}.Debug|Any CPU.ActiveCfg = Debug|Any CPU
		{5204EB8B-B127-40FE-B4D7-64C606198A0E}.Debug|Any CPU.Build.0 = Debug|Any CPU
		{5204EB8B-B127-40FE-B4D7-64C606198A0E}.Release|Any CPU.ActiveCfg = Release|Any CPU
		{5204EB8B-B127-40FE-B4D7-64C606198A0E}.Release|Any CPU.Build.0 = Release|Any CPU
		{C4C1BDE9-E611-47AC-A05A-211D5DC21AA9}.Debug|Any CPU.ActiveCfg = Debug|Any CPU
		{C4C1BDE9-E611-47AC-A05A-211D5DC21AA9}.Debug|Any CPU.Build.0 = Debug|Any CPU
		{C4C1BDE9-E611-47AC-A05A-211D5DC21AA9}.Release|Any CPU.ActiveCfg = Release|Any CPU
		{C4C1BDE9-E611-47AC-A05A-211D5DC21AA9}.Release|Any CPU.Build.0 = Release|Any CPU
	EndGlobalSection
	GlobalSection(SolutionProperties) = preSolution
		HideSolutionNode = FALSE
	EndGlobalSection
	GlobalSection(ExtensibilityGlobals) = postSolution
		SolutionGuid = {1E2052C8-F130-472C-874A-ECEC2F8BFD56}
	EndGlobalSection
EndGlobal
