
Microsoft Visual Studio Solution File, Format Version 12.00
# Visual Studio 15
VisualStudioVersion = 15.0.28307.421
MinimumVisualStudioVersion = 10.0.40219.1
Project("{FAE04EC0-301F-11D3-BF4B-00C04F79EFBC}") = "WebApplication", "WebApplication\WebApplication.csproj", "{DDFF525D-0F29-43FB-B9B6-F6750CD7D42E}"
EndProject
Global
	GlobalSection(SolutionConfigurationPlatforms) = preSolution
		Debug|Any CPU = Debug|Any CPU
		Release|Any CPU = Release|Any CPU
	EndGlobalSection
	GlobalSection(ProjectConfigurationPlatforms) = postSolution
		{DDFF525D-0F29-43FB-B9B6-F6750CD7D42E}.Debug|Any CPU.ActiveCfg = Debug|Any CPU
		{DDFF525D-0F29-43FB-B9B6-F6750CD7D42E}.Debug|Any CPU.Build.0 = Debug|Any CPU
		{DDFF525D-0F29-43FB-B9B6-F6750CD7D42E}.Release|Any CPU.ActiveCfg = Release|Any CPU
		{DDFF525D-0F29-43FB-B9B6-F6750CD7D42E}.Release|Any CPU.Build.0 = Release|Any CPU
	EndGlobalSection
	GlobalSection(SolutionProperties) = preSolution
		HideSolutionNode = FALSE
	EndGlobalSection
	GlobalSection(ExtensibilityGlobals) = postSolution
		SolutionGuid = {1E2052C8-F130-472C-874A-ECEC2F8BFD56}
	EndGlobalSection
EndGlobal
