
Microsoft Visual Studio Solution File, Format Version 12.00
# Visual Studio 15
VisualStudioVersion = 15.0.26430.6
MinimumVisualStudioVersion = 10.0.40219.1
Project("{FAE04EC0-301F-11D3-BF4B-00C04F79EFBC}") = "AnalyzeAndCreate", "AnalyzeAndCreate\AnalyzeAndCreate.csproj", "{84D6CE65-EDA4-4A4E-818F-A2DF43D47B6A}"
EndProject
Project("{FAE04EC0-301F-11D3-BF4B-00C04F79EFBC}") = "ConsoleApp", "ConsoleApp\ConsoleApp.csproj", "{77B58216-1DB8-4D6F-8A8A-24AB09CEC036}"
EndProject
Global
	GlobalSection(SolutionConfigurationPlatforms) = preSolution
		Debug|Any CPU = Debug|Any CPU
		Release|Any CPU = Release|Any CPU
	EndGlobalSection
	GlobalSection(ProjectConfigurationPlatforms) = postSolution
		{84D6CE65-EDA4-4A4E-818F-A2DF43D47B6A}.Debug|Any CPU.ActiveCfg = Debug|Any CPU
		{84D6CE65-EDA4-4A4E-818F-A2DF43D47B6A}.Debug|Any CPU.Build.0 = Debug|Any CPU
		{84D6CE65-EDA4-4A4E-818F-A2DF43D47B6A}.Release|Any CPU.ActiveCfg = Release|Any CPU
		{84D6CE65-EDA4-4A4E-818F-A2DF43D47B6A}.Release|Any CPU.Build.0 = Release|Any CPU
		{77B58216-1DB8-4D6F-8A8A-24AB09CEC036}.Debug|Any CPU.ActiveCfg = Debug|Any CPU
		{77B58216-1DB8-4D6F-8A8A-24AB09CEC036}.Debug|Any CPU.Build.0 = Debug|Any CPU
		{77B58216-1DB8-4D6F-8A8A-24AB09CEC036}.Release|Any CPU.ActiveCfg = Release|Any CPU
		{77B58216-1DB8-4D6F-8A8A-24AB09CEC036}.Release|Any CPU.Build.0 = Release|Any CPU
	EndGlobalSection
	GlobalSection(SolutionProperties) = preSolution
		HideSolutionNode = FALSE
	EndGlobalSection
EndGlobal
